
Microsoft Visual Studio Solution File, Format Version 12.00
Project("{FAE04EC0-301F-11D3-BF4B-00C04F79EFBC}") = "ResourceManagementSystem.Core", "ResourceManagementSystem.Core\ResourceManagementSystem.Core.csproj", "{75104B6B-AD58-41C9-9131-B377C9125044}"
EndProject
Project("{FAE04EC0-301F-11D3-BF4B-00C04F79EFBC}") = "ResourceManagementSystem.API", "ResourceManagementSystem.API\ResourceManagementSystem.API.csproj", "{4AC41B39-DAE1-474E-87F8-34FE4166B1AE}"
EndProject
Project("{FAE04EC0-301F-11D3-BF4B-00C04F79EFBC}") = "ResourceManagementSystem.Sync", "ResourceManagementSystem.Sync\ResourceManagementSystem.Sync.csproj", "{368F1D4D-CB9C-4975-8A25-97AFD5F5EFF6}"
EndProject
Project("{FAE04EC0-301F-11D3-BF4B-00C04F79EFBC}") = "ResourceManagementSystem.UI.Web", "ResourceManagementSystem.UI.Web\ResourceManagementSystem.UI.Web.csproj", "{D71D2A95-1D1F-4D2F-B040-24E131EF67F3}"
EndProject
Global
	GlobalSection(SolutionConfigurationPlatforms) = preSolution
		Debug|Any CPU = Debug|Any CPU
		Release|Any CPU = Release|Any CPU
	EndGlobalSection
	GlobalSection(ProjectConfigurationPlatforms) = postSolution
		{75104B6B-AD58-41C9-9131-B377C9125044}.Debug|Any CPU.ActiveCfg = Debug|Any CPU
		{75104B6B-AD58-41C9-9131-B377C9125044}.Debug|Any CPU.Build.0 = Debug|Any CPU
		{75104B6B-AD58-41C9-9131-B377C9125044}.Release|Any CPU.ActiveCfg = Release|Any CPU
		{75104B6B-AD58-41C9-9131-B377C9125044}.Release|Any CPU.Build.0 = Release|Any CPU
		{4AC41B39-DAE1-474E-87F8-34FE4166B1AE}.Debug|Any CPU.ActiveCfg = Debug|Any CPU
		{4AC41B39-DAE1-474E-87F8-34FE4166B1AE}.Debug|Any CPU.Build.0 = Debug|Any CPU
		{4AC41B39-DAE1-474E-87F8-34FE4166B1AE}.Release|Any CPU.ActiveCfg = Release|Any CPU
		{4AC41B39-DAE1-474E-87F8-34FE4166B1AE}.Release|Any CPU.Build.0 = Release|Any CPU
		{368F1D4D-CB9C-4975-8A25-97AFD5F5EFF6}.Debug|Any CPU.ActiveCfg = Debug|Any CPU
		{368F1D4D-CB9C-4975-8A25-97AFD5F5EFF6}.Debug|Any CPU.Build.0 = Debug|Any CPU
		{368F1D4D-CB9C-4975-8A25-97AFD5F5EFF6}.Release|Any CPU.ActiveCfg = Release|Any CPU
		{368F1D4D-CB9C-4975-8A25-97AFD5F5EFF6}.Release|Any CPU.Build.0 = Release|Any CPU
		{D71D2A95-1D1F-4D2F-B040-24E131EF67F3}.Debug|Any CPU.ActiveCfg = Debug|Any CPU
		{D71D2A95-1D1F-4D2F-B040-24E131EF67F3}.Debug|Any CPU.Build.0 = Debug|Any CPU
		{D71D2A95-1D1F-4D2F-B040-24E131EF67F3}.Release|Any CPU.ActiveCfg = Release|Any CPU
		{D71D2A95-1D1F-4D2F-B040-24E131EF67F3}.Release|Any CPU.Build.0 = Release|Any CPU
	EndGlobalSection
EndGlobal
